// !$*UTF8*$!
{
	archiveVersion = 1;
	classes = {
	};
	objectVersion = 55;
	objects = {

/* Begin PBXBuildFile section */
		10FC6ACA97A99086D5C208D0 /* Pods_Nysa_App.framework in Frameworks */ = {isa = PBXBuildFile; fileRef = 2DCDBD24630CE3923E55FBA1 /* Pods_Nysa_App.framework */; };
		BC61604127788DDF00093443 /* AppDelegate.swift in Sources */ = {isa = PBXBuildFile; fileRef = BC61604027788DDF00093443 /* AppDelegate.swift */; };
		BC61604327788DDF00093443 /* SceneDelegate.swift in Sources */ = {isa = PBXBuildFile; fileRef = BC61604227788DDF00093443 /* SceneDelegate.swift */; };
		BC61604827788DDF00093443 /* Main.storyboard in Resources */ = {isa = PBXBuildFile; fileRef = BC61604627788DDF00093443 /* Main.storyboard */; };
		BC61604A27788DE100093443 /* Assets.xcassets in Resources */ = {isa = PBXBuildFile; fileRef = BC61604927788DE100093443 /* Assets.xcassets */; };
		BC61604D27788DE100093443 /* LaunchScreen.storyboard in Resources */ = {isa = PBXBuildFile; fileRef = BC61604B27788DE100093443 /* LaunchScreen.storyboard */; };
		BC6EE4152779F13900306EE3 /* NewspaperAPI.swift in Sources */ = {isa = PBXBuildFile; fileRef = BC6EE4142779F13900306EE3 /* NewspaperAPI.swift */; };
		BC6EE4172779F37900306EE3 /* NewspaperViewController.swift in Sources */ = {isa = PBXBuildFile; fileRef = BC6EE4162779F37900306EE3 /* NewspaperViewController.swift */; };
		BC6EE4192779F59500306EE3 /* NewsTableViewCell.swift in Sources */ = {isa = PBXBuildFile; fileRef = BC6EE4182779F59500306EE3 /* NewsTableViewCell.swift */; };
		BC6EE41B2779F69100306EE3 /* NewspaperModel.swift in Sources */ = {isa = PBXBuildFile; fileRef = BC6EE41A2779F69100306EE3 /* NewspaperModel.swift */; };
		BC6EE41F277A38B400306EE3 /* loading.json in Resources */ = {isa = PBXBuildFile; fileRef = BC6EE41E277A38B400306EE3 /* loading.json */; };
		BC6EE425277B1ADB00306EE3 /* ConverterAPI.swift in Sources */ = {isa = PBXBuildFile; fileRef = BC6EE424277B1ADB00306EE3 /* ConverterAPI.swift */; };
		BC6EE427277B1C0C00306EE3 /* ConverterViewController.swift in Sources */ = {isa = PBXBuildFile; fileRef = BC6EE426277B1C0C00306EE3 /* ConverterViewController.swift */; };
		BC6EE429277B214100306EE3 /* ConverterModel.swift in Sources */ = {isa = PBXBuildFile; fileRef = BC6EE428277B214100306EE3 /* ConverterModel.swift */; };
		BCC5702F2779C79E00E42DD8 /* HomeViewController.swift in Sources */ = {isa = PBXBuildFile; fileRef = BCC5702E2779C79E00E42DD8 /* HomeViewController.swift */; };
		BCC570342779CE6F00E42DD8 /* WeatherTableViewCell.swift in Sources */ = {isa = PBXBuildFile; fileRef = BCC570332779CE6E00E42DD8 /* WeatherTableViewCell.swift */; };
		BCC570362779CEA100E42DD8 /* NewspaperTableViewCell.swift in Sources */ = {isa = PBXBuildFile; fileRef = BCC570352779CEA100E42DD8 /* NewspaperTableViewCell.swift */; };
		BCC570372779DAFE00E42DD8 /* Sofia Pro Bold Az.otf in Resources */ = {isa = PBXBuildFile; fileRef = BCC570312779CC3100E42DD8 /* Sofia Pro Bold Az.otf */; };
		BCC570382779DAFE00E42DD8 /* Sofia Pro Light Az.otf in Resources */ = {isa = PBXBuildFile; fileRef = BCC570302779CC3100E42DD8 /* Sofia Pro Light Az.otf */; };
		BCC570392779DAFE00E42DD8 /* Sofia Pro Medium Az.otf in Resources */ = {isa = PBXBuildFile; fileRef = BCC570322779CC3100E42DD8 /* Sofia Pro Medium Az.otf */; };
		BCC5703B2779DBE800E42DD8 /* NewspaperCollectionViewCell.swift in Sources */ = {isa = PBXBuildFile; fileRef = BCC5703A2779DBE800E42DD8 /* NewspaperCollectionViewCell.swift */; };
		F41E5BE8277B5BD9004C4AAE /* ExchangeTableViewCell.swift in Sources */ = {isa = PBXBuildFile; fileRef = F41E5BE7277B5BD9004C4AAE /* ExchangeTableViewCell.swift */; };
		F41E5BEA277B5D23004C4AAE /* ExchangeCollectionViewCell.swift in Sources */ = {isa = PBXBuildFile; fileRef = F41E5BE9277B5D23004C4AAE /* ExchangeCollectionViewCell.swift */; };
/* End PBXBuildFile section */

/* Begin PBXFileReference section */
		01F75EB6678DDBF523DCC90C /* Pods-Nysa App.debug.xcconfig */ = {isa = PBXFileReference; includeInIndex = 1; lastKnownFileType = text.xcconfig; name = "Pods-Nysa App.debug.xcconfig"; path = "Target Support Files/Pods-Nysa App/Pods-Nysa App.debug.xcconfig"; sourceTree = "<group>"; };
		0CB317EC242F8705A1DAB589 /* Pods-Nysa App.release.xcconfig */ = {isa = PBXFileReference; includeInIndex = 1; lastKnownFileType = text.xcconfig; name = "Pods-Nysa App.release.xcconfig"; path = "Target Support Files/Pods-Nysa App/Pods-Nysa App.release.xcconfig"; sourceTree = "<group>"; };
		2DCDBD24630CE3923E55FBA1 /* Pods_Nysa_App.framework */ = {isa = PBXFileReference; explicitFileType = wrapper.framework; includeInIndex = 0; path = Pods_Nysa_App.framework; sourceTree = BUILT_PRODUCTS_DIR; };
		BC61603D27788DDF00093443 /* Nysa App.app */ = {isa = PBXFileReference; explicitFileType = wrapper.application; includeInIndex = 0; path = "Nysa App.app"; sourceTree = BUILT_PRODUCTS_DIR; };
		BC61604027788DDF00093443 /* AppDelegate.swift */ = {isa = PBXFileReference; lastKnownFileType = sourcecode.swift; path = AppDelegate.swift; sourceTree = "<group>"; };
		BC61604227788DDF00093443 /* SceneDelegate.swift */ = {isa = PBXFileReference; lastKnownFileType = sourcecode.swift; path = SceneDelegate.swift; sourceTree = "<group>"; };
		BC61604727788DDF00093443 /* Base */ = {isa = PBXFileReference; lastKnownFileType = file.storyboard; name = Base; path = Base.lproj/Main.storyboard; sourceTree = "<group>"; };
		BC61604927788DE100093443 /* Assets.xcassets */ = {isa = PBXFileReference; lastKnownFileType = folder.assetcatalog; path = Assets.xcassets; sourceTree = "<group>"; };
		BC61604C27788DE100093443 /* Base */ = {isa = PBXFileReference; lastKnownFileType = file.storyboard; name = Base; path = Base.lproj/LaunchScreen.storyboard; sourceTree = "<group>"; };
		BC61604E27788DE100093443 /* Info.plist */ = {isa = PBXFileReference; lastKnownFileType = text.plist.xml; path = Info.plist; sourceTree = "<group>"; };
		BC6EE4142779F13900306EE3 /* NewspaperAPI.swift */ = {isa = PBXFileReference; lastKnownFileType = sourcecode.swift; path = NewspaperAPI.swift; sourceTree = "<group>"; };
		BC6EE4162779F37900306EE3 /* NewspaperViewController.swift */ = {isa = PBXFileReference; lastKnownFileType = sourcecode.swift; path = NewspaperViewController.swift; sourceTree = "<group>"; };
		BC6EE4182779F59500306EE3 /* NewsTableViewCell.swift */ = {isa = PBXFileReference; lastKnownFileType = sourcecode.swift; path = NewsTableViewCell.swift; sourceTree = "<group>"; };
		BC6EE41A2779F69100306EE3 /* NewspaperModel.swift */ = {isa = PBXFileReference; lastKnownFileType = sourcecode.swift; path = NewspaperModel.swift; sourceTree = "<group>"; };
		BC6EE41E277A38B400306EE3 /* loading.json */ = {isa = PBXFileReference; fileEncoding = 4; lastKnownFileType = text.json; path = loading.json; sourceTree = "<group>"; };
		BC6EE424277B1ADB00306EE3 /* ConverterAPI.swift */ = {isa = PBXFileReference; lastKnownFileType = sourcecode.swift; path = ConverterAPI.swift; sourceTree = "<group>"; };
		BC6EE426277B1C0C00306EE3 /* ConverterViewController.swift */ = {isa = PBXFileReference; lastKnownFileType = sourcecode.swift; path = ConverterViewController.swift; sourceTree = "<group>"; };
		BC6EE428277B214100306EE3 /* ConverterModel.swift */ = {isa = PBXFileReference; lastKnownFileType = sourcecode.swift; path = ConverterModel.swift; sourceTree = "<group>"; };
		BCC5702E2779C79E00E42DD8 /* HomeViewController.swift */ = {isa = PBXFileReference; lastKnownFileType = sourcecode.swift; path = HomeViewController.swift; sourceTree = "<group>"; };
		BCC570302779CC3100E42DD8 /* Sofia Pro Light Az.otf */ = {isa = PBXFileReference; lastKnownFileType = file; path = "Sofia Pro Light Az.otf"; sourceTree = "<group>"; };
		BCC570312779CC3100E42DD8 /* Sofia Pro Bold Az.otf */ = {isa = PBXFileReference; lastKnownFileType = file; path = "Sofia Pro Bold Az.otf"; sourceTree = "<group>"; };
		BCC570322779CC3100E42DD8 /* Sofia Pro Medium Az.otf */ = {isa = PBXFileReference; lastKnownFileType = file; path = "Sofia Pro Medium Az.otf"; sourceTree = "<group>"; };
		BCC570332779CE6E00E42DD8 /* WeatherTableViewCell.swift */ = {isa = PBXFileReference; lastKnownFileType = sourcecode.swift; path = WeatherTableViewCell.swift; sourceTree = "<group>"; };
		BCC570352779CEA100E42DD8 /* NewspaperTableViewCell.swift */ = {isa = PBXFileReference; lastKnownFileType = sourcecode.swift; path = NewspaperTableViewCell.swift; sourceTree = "<group>"; };
		BCC5703A2779DBE800E42DD8 /* NewspaperCollectionViewCell.swift */ = {isa = PBXFileReference; lastKnownFileType = sourcecode.swift; path = NewspaperCollectionViewCell.swift; sourceTree = "<group>"; };
		F41E5BE7277B5BD9004C4AAE /* ExchangeTableViewCell.swift */ = {isa = PBXFileReference; lastKnownFileType = sourcecode.swift; path = ExchangeTableViewCell.swift; sourceTree = "<group>"; };
		F41E5BE9277B5D23004C4AAE /* ExchangeCollectionViewCell.swift */ = {isa = PBXFileReference; lastKnownFileType = sourcecode.swift; path = ExchangeCollectionViewCell.swift; sourceTree = "<group>"; };
/* End PBXFileReference section */

/* Begin PBXFrameworksBuildPhase section */
		BC61603A27788DDF00093443 /* Frameworks */ = {
			isa = PBXFrameworksBuildPhase;
			buildActionMask = 2147483647;
			files = (
				10FC6ACA97A99086D5C208D0 /* Pods_Nysa_App.framework in Frameworks */,
			);
			runOnlyForDeploymentPostprocessing = 0;
		};
/* End PBXFrameworksBuildPhase section */

/* Begin PBXGroup section */
		85A7C8365C775553B908DE45 /* Frameworks */ = {
			isa = PBXGroup;
			children = (
				2DCDBD24630CE3923E55FBA1 /* Pods_Nysa_App.framework */,
			);
			name = Frameworks;
			sourceTree = "<group>";
		};
		AB4140EFD00ECFFC1F5334CD /* Pods */ = {
			isa = PBXGroup;
			children = (
				01F75EB6678DDBF523DCC90C /* Pods-Nysa App.debug.xcconfig */,
				0CB317EC242F8705A1DAB589 /* Pods-Nysa App.release.xcconfig */,
			);
			path = Pods;
			sourceTree = "<group>";
		};
		BC61603427788DDF00093443 = {
			isa = PBXGroup;
			children = (
				BC61603F27788DDF00093443 /* Nysa App */,
				BC61603E27788DDF00093443 /* Products */,
				AB4140EFD00ECFFC1F5334CD /* Pods */,
				85A7C8365C775553B908DE45 /* Frameworks */,
			);
			sourceTree = "<group>";
		};
		BC61603E27788DDF00093443 /* Products */ = {
			isa = PBXGroup;
			children = (
				BC61603D27788DDF00093443 /* Nysa App.app */,
			);
			name = Products;
			sourceTree = "<group>";
		};
		BC61603F27788DDF00093443 /* Nysa App */ = {
			isa = PBXGroup;
			children = (
				BC61605A27788F5700093443 /* Support Files */,
				BC61605927788F4F00093443 /* Model */,
				BC61605527788F0F00093443 /* View */,
				BC61605627788F1600093443 /* Controller */,
				BC61605B27788F9A00093443 /* Cells */,
				BC61605827788F2500093443 /* API Service */,
				BC61605727788F1D00093443 /* Fonts */,
				BC61605C2778917300093443 /* Lottie */,
				BC61604927788DE100093443 /* Assets.xcassets */,
				BC61604E27788DE100093443 /* Info.plist */,
			);
			path = "Nysa App";
			sourceTree = "<group>";
		};
		BC61605527788F0F00093443 /* View */ = {
			isa = PBXGroup;
			children = (
				BC61604627788DDF00093443 /* Main.storyboard */,
				BC61604B27788DE100093443 /* LaunchScreen.storyboard */,
			);
			path = View;
			sourceTree = "<group>";
		};
		BC61605627788F1600093443 /* Controller */ = {
			isa = PBXGroup;
			children = (
				BCC5702E2779C79E00E42DD8 /* HomeViewController.swift */,
				BC6EE4162779F37900306EE3 /* NewspaperViewController.swift */,
				BC6EE426277B1C0C00306EE3 /* ConverterViewController.swift */,
			);
			path = Controller;
			sourceTree = "<group>";
		};
		BC61605727788F1D00093443 /* Fonts */ = {
			isa = PBXGroup;
			children = (
				BCC570312779CC3100E42DD8 /* Sofia Pro Bold Az.otf */,
				BCC570302779CC3100E42DD8 /* Sofia Pro Light Az.otf */,
				BCC570322779CC3100E42DD8 /* Sofia Pro Medium Az.otf */,
			);
			path = Fonts;
			sourceTree = "<group>";
		};
		BC61605827788F2500093443 /* API Service */ = {
			isa = PBXGroup;
			children = (
				BC6EE4142779F13900306EE3 /* NewspaperAPI.swift */,
				BC6EE424277B1ADB00306EE3 /* ConverterAPI.swift */,
			);
			path = "API Service";
			sourceTree = "<group>";
		};
		BC61605927788F4F00093443 /* Model */ = {
			isa = PBXGroup;
			children = (
				BC6EE41A2779F69100306EE3 /* NewspaperModel.swift */,
				BC6EE428277B214100306EE3 /* ConverterModel.swift */,
			);
			path = Model;
			sourceTree = "<group>";
		};
		BC61605A27788F5700093443 /* Support Files */ = {
			isa = PBXGroup;
			children = (
				BC61604227788DDF00093443 /* SceneDelegate.swift */,
				BC61604027788DDF00093443 /* AppDelegate.swift */,
			);
			path = "Support Files";
			sourceTree = "<group>";
		};
		BC61605B27788F9A00093443 /* Cells */ = {
			isa = PBXGroup;
			children = (
				BCC570332779CE6E00E42DD8 /* WeatherTableViewCell.swift */,
				BCC570352779CEA100E42DD8 /* NewspaperTableViewCell.swift */,
				BCC5703A2779DBE800E42DD8 /* NewspaperCollectionViewCell.swift */,
				BC6EE4182779F59500306EE3 /* NewsTableViewCell.swift */,
				F41E5BE7277B5BD9004C4AAE /* ExchangeTableViewCell.swift */,
				F41E5BE9277B5D23004C4AAE /* ExchangeCollectionViewCell.swift */,
			);
			path = Cells;
			sourceTree = "<group>";
		};
		BC61605C2778917300093443 /* Lottie */ = {
			isa = PBXGroup;
			children = (
				BC6EE41E277A38B400306EE3 /* loading.json */,
			);
			path = Lottie;
			sourceTree = "<group>";
		};
/* End PBXGroup section */

/* Begin PBXNativeTarget section */
		BC61603C27788DDF00093443 /* Nysa App */ = {
			isa = PBXNativeTarget;
			buildConfigurationList = BC61605127788DE100093443 /* Build configuration list for PBXNativeTarget "Nysa App" */;
			buildPhases = (
				8A6152507B83A9EA2AC234E5 /* [CP] Check Pods Manifest.lock */,
				BC61603927788DDF00093443 /* Sources */,
				BC61603A27788DDF00093443 /* Frameworks */,
				BC61603B27788DDF00093443 /* Resources */,
				DB79C93E1F891BEFF3E57153 /* [CP] Embed Pods Frameworks */,
			);
			buildRules = (
			);
			dependencies = (
			);
			name = "Nysa App";
			productName = "Nysa App";
			productReference = BC61603D27788DDF00093443 /* Nysa App.app */;
			productType = "com.apple.product-type.application";
		};
/* End PBXNativeTarget section */

/* Begin PBXProject section */
		BC61603527788DDF00093443 /* Project object */ = {
			isa = PBXProject;
			attributes = {
				BuildIndependentTargetsInParallel = 1;
				LastSwiftUpdateCheck = 1320;
				LastUpgradeCheck = 1320;
				TargetAttributes = {
					BC61603C27788DDF00093443 = {
						CreatedOnToolsVersion = 13.2.1;
					};
				};
			};
			buildConfigurationList = BC61603827788DDF00093443 /* Build configuration list for PBXProject "Nysa App" */;
			compatibilityVersion = "Xcode 13.0";
			developmentRegion = en;
			hasScannedForEncodings = 0;
			knownRegions = (
				en,
				Base,
			);
			mainGroup = BC61603427788DDF00093443;
			productRefGroup = BC61603E27788DDF00093443 /* Products */;
			projectDirPath = "";
			projectRoot = "";
			targets = (
				BC61603C27788DDF00093443 /* Nysa App */,
			);
		};
/* End PBXProject section */

/* Begin PBXResourcesBuildPhase section */
		BC61603B27788DDF00093443 /* Resources */ = {
			isa = PBXResourcesBuildPhase;
			buildActionMask = 2147483647;
			files = (
				BCC570372779DAFE00E42DD8 /* Sofia Pro Bold Az.otf in Resources */,
				BCC570382779DAFE00E42DD8 /* Sofia Pro Light Az.otf in Resources */,
				BCC570392779DAFE00E42DD8 /* Sofia Pro Medium Az.otf in Resources */,
				BC61604D27788DE100093443 /* LaunchScreen.storyboard in Resources */,
				BC6EE41F277A38B400306EE3 /* loading.json in Resources */,
				BC61604A27788DE100093443 /* Assets.xcassets in Resources */,
				BC61604827788DDF00093443 /* Main.storyboard in Resources */,
			);
			runOnlyForDeploymentPostprocessing = 0;
		};
/* End PBXResourcesBuildPhase section */

/* Begin PBXShellScriptBuildPhase section */
		8A6152507B83A9EA2AC234E5 /* [CP] Check Pods Manifest.lock */ = {
			isa = PBXShellScriptBuildPhase;
			buildActionMask = 2147483647;
			files = (
			);
			inputFileListPaths = (
			);
			inputPaths = (
				"${PODS_PODFILE_DIR_PATH}/Podfile.lock",
				"${PODS_ROOT}/Manifest.lock",
			);
			name = "[CP] Check Pods Manifest.lock";
			outputFileListPaths = (
			);
			outputPaths = (
				"$(DERIVED_FILE_DIR)/Pods-Nysa App-checkManifestLockResult.txt",
			);
			runOnlyForDeploymentPostprocessing = 0;
			shellPath = /bin/sh;
			shellScript = "diff \"${PODS_PODFILE_DIR_PATH}/Podfile.lock\" \"${PODS_ROOT}/Manifest.lock\" > /dev/null\nif [ $? != 0 ] ; then\n    # print error to STDERR\n    echo \"error: The sandbox is not in sync with the Podfile.lock. Run 'pod install' or update your CocoaPods installation.\" >&2\n    exit 1\nfi\n# This output is used by Xcode 'outputs' to avoid re-running this script phase.\necho \"SUCCESS\" > \"${SCRIPT_OUTPUT_FILE_0}\"\n";
			showEnvVarsInLog = 0;
		};
		DB79C93E1F891BEFF3E57153 /* [CP] Embed Pods Frameworks */ = {
			isa = PBXShellScriptBuildPhase;
			buildActionMask = 2147483647;
			files = (
			);
			inputFileListPaths = (
				"${PODS_ROOT}/Target Support Files/Pods-Nysa App/Pods-Nysa App-frameworks-${CONFIGURATION}-input-files.xcfilelist",
			);
			name = "[CP] Embed Pods Frameworks";
			outputFileListPaths = (
				"${PODS_ROOT}/Target Support Files/Pods-Nysa App/Pods-Nysa App-frameworks-${CONFIGURATION}-output-files.xcfilelist",
			);
			runOnlyForDeploymentPostprocessing = 0;
			shellPath = /bin/sh;
			shellScript = "\"${PODS_ROOT}/Target Support Files/Pods-Nysa App/Pods-Nysa App-frameworks.sh\"\n";
			showEnvVarsInLog = 0;
		};
/* End PBXShellScriptBuildPhase section */

/* Begin PBXSourcesBuildPhase section */
		BC61603927788DDF00093443 /* Sources */ = {
			isa = PBXSourcesBuildPhase;
			buildActionMask = 2147483647;
			files = (
				BCC570342779CE6F00E42DD8 /* WeatherTableViewCell.swift in Sources */,
				BCC570362779CEA100E42DD8 /* NewspaperTableViewCell.swift in Sources */,
				BC61604127788DDF00093443 /* AppDelegate.swift in Sources */,
				BC61604327788DDF00093443 /* SceneDelegate.swift in Sources */,
				BC6EE41B2779F69100306EE3 /* NewspaperModel.swift in Sources */,
				F41E5BEA277B5D23004C4AAE /* ExchangeCollectionViewCell.swift in Sources */,
				BC6EE4172779F37900306EE3 /* NewspaperViewController.swift in Sources */,
				BC6EE4152779F13900306EE3 /* NewspaperAPI.swift in Sources */,
				BCC5703B2779DBE800E42DD8 /* NewspaperCollectionViewCell.swift in Sources */,
				BCC5702F2779C79E00E42DD8 /* HomeViewController.swift in Sources */,
				BC6EE4192779F59500306EE3 /* NewsTableViewCell.swift in Sources */,
				F41E5BE8277B5BD9004C4AAE /* ExchangeTableViewCell.swift in Sources */,
				BC6EE425277B1ADB00306EE3 /* ConverterAPI.swift in Sources */,
				BC6EE427277B1C0C00306EE3 /* ConverterViewController.swift in Sources */,
				BC6EE429277B214100306EE3 /* ConverterModel.swift in Sources */,
			);
			runOnlyForDeploymentPostprocessing = 0;
		};
/* End PBXSourcesBuildPhase section */

/* Begin PBXVariantGroup section */
		BC61604627788DDF00093443 /* Main.storyboard */ = {
			isa = PBXVariantGroup;
			children = (
				BC61604727788DDF00093443 /* Base */,
			);
			name = Main.storyboard;
			sourceTree = "<group>";
		};
		BC61604B27788DE100093443 /* LaunchScreen.storyboard */ = {
			isa = PBXVariantGroup;
			children = (
				BC61604C27788DE100093443 /* Base */,
			);
			name = LaunchScreen.storyboard;
			sourceTree = "<group>";
		};
/* End PBXVariantGroup section */

/* Begin XCBuildConfiguration section */
		BC61604F27788DE100093443 /* Debug */ = {
			isa = XCBuildConfiguration;
			buildSettings = {
				ALWAYS_SEARCH_USER_PATHS = NO;
				CLANG_ANALYZER_NONNULL = YES;
				CLANG_ANALYZER_NUMBER_OBJECT_CONVERSION = YES_AGGRESSIVE;
				CLANG_CXX_LANGUAGE_STANDARD = "gnu++17";
				CLANG_CXX_LIBRARY = "libc++";
				CLANG_ENABLE_MODULES = YES;
				CLANG_ENABLE_OBJC_ARC = YES;
				CLANG_ENABLE_OBJC_WEAK = YES;
				CLANG_WARN_BLOCK_CAPTURE_AUTORELEASING = YES;
				CLANG_WARN_BOOL_CONVERSION = YES;
				CLANG_WARN_COMMA = YES;
				CLANG_WARN_CONSTANT_CONVERSION = YES;
				CLANG_WARN_DEPRECATED_OBJC_IMPLEMENTATIONS = YES;
				CLANG_WARN_DIRECT_OBJC_ISA_USAGE = YES_ERROR;
				CLANG_WARN_DOCUMENTATION_COMMENTS = YES;
				CLANG_WARN_EMPTY_BODY = YES;
				CLANG_WARN_ENUM_CONVERSION = YES;
				CLANG_WARN_INFINITE_RECURSION = YES;
				CLANG_WARN_INT_CONVERSION = YES;
				CLANG_WARN_NON_LITERAL_NULL_CONVERSION = YES;
				CLANG_WARN_OBJC_IMPLICIT_RETAIN_SELF = YES;
				CLANG_WARN_OBJC_LITERAL_CONVERSION = YES;
				CLANG_WARN_OBJC_ROOT_CLASS = YES_ERROR;
				CLANG_WARN_QUOTED_INCLUDE_IN_FRAMEWORK_HEADER = YES;
				CLANG_WARN_RANGE_LOOP_ANALYSIS = YES;
				CLANG_WARN_STRICT_PROTOTYPES = YES;
				CLANG_WARN_SUSPICIOUS_MOVE = YES;
				CLANG_WARN_UNGUARDED_AVAILABILITY = YES_AGGRESSIVE;
				CLANG_WARN_UNREACHABLE_CODE = YES;
				CLANG_WARN__DUPLICATE_METHOD_MATCH = YES;
				COPY_PHASE_STRIP = NO;
				DEBUG_INFORMATION_FORMAT = dwarf;
				ENABLE_STRICT_OBJC_MSGSEND = YES;
				ENABLE_TESTABILITY = YES;
				GCC_C_LANGUAGE_STANDARD = gnu11;
				GCC_DYNAMIC_NO_PIC = NO;
				GCC_NO_COMMON_BLOCKS = YES;
				GCC_OPTIMIZATION_LEVEL = 0;
				GCC_PREPROCESSOR_DEFINITIONS = (
					"DEBUG=1",
					"$(inherited)",
				);
				GCC_WARN_64_TO_32_BIT_CONVERSION = YES;
				GCC_WARN_ABOUT_RETURN_TYPE = YES_ERROR;
				GCC_WARN_UNDECLARED_SELECTOR = YES;
				GCC_WARN_UNINITIALIZED_AUTOS = YES_AGGRESSIVE;
				GCC_WARN_UNUSED_FUNCTION = YES;
				GCC_WARN_UNUSED_VARIABLE = YES;
				IPHONEOS_DEPLOYMENT_TARGET = 15.2;
				MTL_ENABLE_DEBUG_INFO = INCLUDE_SOURCE;
				MTL_FAST_MATH = YES;
				ONLY_ACTIVE_ARCH = YES;
				SDKROOT = iphoneos;
				SWIFT_ACTIVE_COMPILATION_CONDITIONS = DEBUG;
				SWIFT_OPTIMIZATION_LEVEL = "-Onone";
			};
			name = Debug;
		};
		BC61605027788DE100093443 /* Release */ = {
			isa = XCBuildConfiguration;
			buildSettings = {
				ALWAYS_SEARCH_USER_PATHS = NO;
				CLANG_ANALYZER_NONNULL = YES;
				CLANG_ANALYZER_NUMBER_OBJECT_CONVERSION = YES_AGGRESSIVE;
				CLANG_CXX_LANGUAGE_STANDARD = "gnu++17";
				CLANG_CXX_LIBRARY = "libc++";
				CLANG_ENABLE_MODULES = YES;
				CLANG_ENABLE_OBJC_ARC = YES;
				CLANG_ENABLE_OBJC_WEAK = YES;
				CLANG_WARN_BLOCK_CAPTURE_AUTORELEASING = YES;
				CLANG_WARN_BOOL_CONVERSION = YES;
				CLANG_WARN_COMMA = YES;
				CLANG_WARN_CONSTANT_CONVERSION = YES;
				CLANG_WARN_DEPRECATED_OBJC_IMPLEMENTATIONS = YES;
				CLANG_WARN_DIRECT_OBJC_ISA_USAGE = YES_ERROR;
				CLANG_WARN_DOCUMENTATION_COMMENTS = YES;
				CLANG_WARN_EMPTY_BODY = YES;
				CLANG_WARN_ENUM_CONVERSION = YES;
				CLANG_WARN_INFINITE_RECURSION = YES;
				CLANG_WARN_INT_CONVERSION = YES;
				CLANG_WARN_NON_LITERAL_NULL_CONVERSION = YES;
				CLANG_WARN_OBJC_IMPLICIT_RETAIN_SELF = YES;
				CLANG_WARN_OBJC_LITERAL_CONVERSION = YES;
				CLANG_WARN_OBJC_ROOT_CLASS = YES_ERROR;
				CLANG_WARN_QUOTED_INCLUDE_IN_FRAMEWORK_HEADER = YES;
				CLANG_WARN_RANGE_LOOP_ANALYSIS = YES;
				CLANG_WARN_STRICT_PROTOTYPES = YES;
				CLANG_WARN_SUSPICIOUS_MOVE = YES;
				CLANG_WARN_UNGUARDED_AVAILABILITY = YES_AGGRESSIVE;
				CLANG_WARN_UNREACHABLE_CODE = YES;
				CLANG_WARN__DUPLICATE_METHOD_MATCH = YES;
				COPY_PHASE_STRIP = NO;
				DEBUG_INFORMATION_FORMAT = "dwarf-with-dsym";
				ENABLE_NS_ASSERTIONS = NO;
				ENABLE_STRICT_OBJC_MSGSEND = YES;
				GCC_C_LANGUAGE_STANDARD = gnu11;
				GCC_NO_COMMON_BLOCKS = YES;
				GCC_WARN_64_TO_32_BIT_CONVERSION = YES;
				GCC_WARN_ABOUT_RETURN_TYPE = YES_ERROR;
				GCC_WARN_UNDECLARED_SELECTOR = YES;
				GCC_WARN_UNINITIALIZED_AUTOS = YES_AGGRESSIVE;
				GCC_WARN_UNUSED_FUNCTION = YES;
				GCC_WARN_UNUSED_VARIABLE = YES;
				IPHONEOS_DEPLOYMENT_TARGET = 15.2;
				MTL_ENABLE_DEBUG_INFO = NO;
				MTL_FAST_MATH = YES;
				SDKROOT = iphoneos;
				SWIFT_COMPILATION_MODE = wholemodule;
				SWIFT_OPTIMIZATION_LEVEL = "-O";
				VALIDATE_PRODUCT = YES;
			};
			name = Release;
		};
		BC61605227788DE100093443 /* Debug */ = {
			isa = XCBuildConfiguration;
			baseConfigurationReference = 01F75EB6678DDBF523DCC90C /* Pods-Nysa App.debug.xcconfig */;
			buildSettings = {
				ASSETCATALOG_COMPILER_APPICON_NAME = AppIcon;
				ASSETCATALOG_COMPILER_GLOBAL_ACCENT_COLOR_NAME = AccentColor;
				CODE_SIGN_STYLE = Automatic;
				CURRENT_PROJECT_VERSION = 1;
				DEVELOPMENT_TEAM = T6HN7DT422;
				GENERATE_INFOPLIST_FILE = YES;
				INFOPLIST_FILE = "Nysa App/Info.plist";
				INFOPLIST_KEY_UIApplicationSupportsIndirectInputEvents = YES;
				INFOPLIST_KEY_UILaunchStoryboardName = LaunchScreen;
				INFOPLIST_KEY_UIMainStoryboardFile = Main;
				INFOPLIST_KEY_UISupportedInterfaceOrientations_iPad = "UIInterfaceOrientationPortrait UIInterfaceOrientationPortraitUpsideDown UIInterfaceOrientationLandscapeLeft UIInterfaceOrientationLandscapeRight";
				INFOPLIST_KEY_UISupportedInterfaceOrientations_iPhone = "UIInterfaceOrientationPortrait UIInterfaceOrientationLandscapeLeft UIInterfaceOrientationLandscapeRight";
				LD_RUNPATH_SEARCH_PATHS = (
					"$(inherited)",
					"@executable_path/Frameworks",
				);
				MARKETING_VERSION = 1.0;
				PRODUCT_BUNDLE_IDENTIFIER = "com.nysaapp.Nysa-App";
				PRODUCT_NAME = "$(TARGET_NAME)";
				SWIFT_EMIT_LOC_STRINGS = YES;
				SWIFT_VERSION = 5.0;
				TARGETED_DEVICE_FAMILY = "1,2";
			};
			name = Debug;
		};
		BC61605327788DE100093443 /* Release */ = {
			isa = XCBuildConfiguration;
			baseConfigurationReference = 0CB317EC242F8705A1DAB589 /* Pods-Nysa App.release.xcconfig */;
			buildSettings = {
				ASSETCATALOG_COMPILER_APPICON_NAME = AppIcon;
				ASSETCATALOG_COMPILER_GLOBAL_ACCENT_COLOR_NAME = AccentColor;
				CODE_SIGN_STYLE = Automatic;
				CURRENT_PROJECT_VERSION = 1;
				DEVELOPMENT_TEAM = T6HN7DT422;
				GENERATE_INFOPLIST_FILE = YES;
				INFOPLIST_FILE = "Nysa App/Info.plist";
				INFOPLIST_KEY_UIApplicationSupportsIndirectInputEvents = YES;
				INFOPLIST_KEY_UILaunchStoryboardName = LaunchScreen;
				INFOPLIST_KEY_UIMainStoryboardFile = Main;
				INFOPLIST_KEY_UISupportedInterfaceOrientations_iPad = "UIInterfaceOrientationPortrait UIInterfaceOrientationPortraitUpsideDown UIInterfaceOrientationLandscapeLeft UIInterfaceOrientationLandscapeRight";
				INFOPLIST_KEY_UISupportedInterfaceOrientations_iPhone = "UIInterfaceOrientationPortrait UIInterfaceOrientationLandscapeLeft UIInterfaceOrientationLandscapeRight";
				LD_RUNPATH_SEARCH_PATHS = (
					"$(inherited)",
					"@executable_path/Frameworks",
				);
				MARKETING_VERSION = 1.0;
				PRODUCT_BUNDLE_IDENTIFIER = "com.nysaapp.Nysa-App";
				PRODUCT_NAME = "$(TARGET_NAME)";
				SWIFT_EMIT_LOC_STRINGS = YES;
				SWIFT_VERSION = 5.0;
				TARGETED_DEVICE_FAMILY = "1,2";
			};
			name = Release;
		};
/* End XCBuildConfiguration section */

/* Begin XCConfigurationList section */
		BC61603827788DDF00093443 /* Build configuration list for PBXProject "Nysa App" */ = {
			isa = XCConfigurationList;
			buildConfigurations = (
				BC61604F27788DE100093443 /* Debug */,
				BC61605027788DE100093443 /* Release */,
			);
			defaultConfigurationIsVisible = 0;
			defaultConfigurationName = Release;
		};
		BC61605127788DE100093443 /* Build configuration list for PBXNativeTarget "Nysa App" */ = {
			isa = XCConfigurationList;
			buildConfigurations = (
				BC61605227788DE100093443 /* Debug */,
				BC61605327788DE100093443 /* Release */,
			);
			defaultConfigurationIsVisible = 0;
			defaultConfigurationName = Release;
		};
/* End XCConfigurationList section */
	};
	rootObject = BC61603527788DDF00093443 /* Project object */;
}
